
Microsoft Visual Studio Solution File, Format Version 12.00
# Visual Studio 14
VisualStudioVersion = 14.0.25420.1
MinimumVisualStudioVersion = 10.0.40219.1
Project("{8BC9CEB8-8B4A-11D0-8D11-00A0C91BC942}") = "Eski", "Eski\Eski\Eski.vcxproj", "{A3B04E3F-5B31-4E8B-98EE-5A1EC818549B}"
	ProjectSection(ProjectDependencies) = postProject
		{B408AD32-C606-4B2A-982F-CF8F1F6CE13B} = {B408AD32-C606-4B2A-982F-CF8F1F6CE13B}
		{36031C79-C676-4D8F-A5A1-40583314BB88} = {36031C79-C676-4D8F-A5A1-40583314BB88}
		{E8F33CE6-4C15-400D-B481-1630BEEE7579} = {E8F33CE6-4C15-400D-B481-1630BEEE7579}
	EndProjectSection
EndProject
Project("{8BC9CEB8-8B4A-11D0-8D11-00A0C91BC942}") = "EskiUI", "Eski\EskiUI\EskiUI.vcxproj", "{B408AD32-C606-4B2A-982F-CF8F1F6CE13B}"
EndProject
Project("{FAE04EC0-301F-11D3-BF4B-00C04F79EFBC}") = "Eski.AboutBoxPackage", "Eski\Eski.AboutBoxPackage\Eski.AboutBoxPackage.csproj", "{36031C79-C676-4D8F-A5A1-40583314BB88}"
EndProject
Project("{FAE04EC0-301F-11D3-BF4B-00C04F79EFBC}") = "ShellExtensionsVSIX", "Eski\ShellExtensionsVSIX\ShellExtensionsVSIX.csproj", "{E8F33CE6-4C15-400D-B481-1630BEEE7579}"
EndProject
Global
	GlobalSection(SolutionConfigurationPlatforms) = preSolution
		Debug|Any CPU = Debug|Any CPU
		Debug|x86 = Debug|x86
		Release|Any CPU = Release|Any CPU
		Release|x86 = Release|x86
	EndGlobalSection
	GlobalSection(ProjectConfigurationPlatforms) = postSolution
		{A3B04E3F-5B31-4E8B-98EE-5A1EC818549B}.Debug|Any CPU.ActiveCfg = Debug|Win32
		{A3B04E3F-5B31-4E8B-98EE-5A1EC818549B}.Debug|x86.ActiveCfg = Debug|Win32
		{A3B04E3F-5B31-4E8B-98EE-5A1EC818549B}.Debug|x86.Build.0 = Debug|Win32
		{A3B04E3F-5B31-4E8B-98EE-5A1EC818549B}.Release|Any CPU.ActiveCfg = Release|Win32
		{A3B04E3F-5B31-4E8B-98EE-5A1EC818549B}.Release|x86.ActiveCfg = Release|Win32
		{A3B04E3F-5B31-4E8B-98EE-5A1EC818549B}.Release|x86.Build.0 = Release|Win32
		{B408AD32-C606-4B2A-982F-CF8F1F6CE13B}.Debug|Any CPU.ActiveCfg = Debug|Win32
		{B408AD32-C606-4B2A-982F-CF8F1F6CE13B}.Debug|x86.ActiveCfg = Debug|Win32
		{B408AD32-C606-4B2A-982F-CF8F1F6CE13B}.Debug|x86.Build.0 = Debug|Win32
		{B408AD32-C606-4B2A-982F-CF8F1F6CE13B}.Release|Any CPU.ActiveCfg = Release|Win32
		{B408AD32-C606-4B2A-982F-CF8F1F6CE13B}.Release|x86.ActiveCfg = Release|Win32
		{B408AD32-C606-4B2A-982F-CF8F1F6CE13B}.Release|x86.Build.0 = Release|Win32
		{36031C79-C676-4D8F-A5A1-40583314BB88}.Debug|Any CPU.ActiveCfg = Debug|Any CPU
		{36031C79-C676-4D8F-A5A1-40583314BB88}.Debug|Any CPU.Build.0 = Debug|Any CPU
		{36031C79-C676-4D8F-A5A1-40583314BB88}.Debug|x86.ActiveCfg = Debug|Any CPU
		{36031C79-C676-4D8F-A5A1-40583314BB88}.Debug|x86.Build.0 = Debug|Any CPU
		{36031C79-C676-4D8F-A5A1-40583314BB88}.Release|Any CPU.ActiveCfg = Release|Any CPU
		{36031C79-C676-4D8F-A5A1-40583314BB88}.Release|Any CPU.Build.0 = Release|Any CPU
		{36031C79-C676-4D8F-A5A1-40583314BB88}.Release|x86.ActiveCfg = Release|Any CPU
		{36031C79-C676-4D8F-A5A1-40583314BB88}.Release|x86.Build.0 = Release|Any CPU
		{E8F33CE6-4C15-400D-B481-1630BEEE7579}.Debug|Any CPU.ActiveCfg = Debug|Any CPU
		{E8F33CE6-4C15-400D-B481-1630BEEE7579}.Debug|Any CPU.Build.0 = Debug|Any CPU
		{E8F33CE6-4C15-400D-B481-1630BEEE7579}.Debug|x86.ActiveCfg = Debug|Any CPU
		{E8F33CE6-4C15-400D-B481-1630BEEE7579}.Debug|x86.Build.0 = Debug|Any CPU
		{E8F33CE6-4C15-400D-B481-1630BEEE7579}.Release|Any CPU.ActiveCfg = Release|Any CPU
		{E8F33CE6-4C15-400D-B481-1630BEEE7579}.Release|Any CPU.Build.0 = Release|Any CPU
		{E8F33CE6-4C15-400D-B481-1630BEEE7579}.Release|x86.ActiveCfg = Release|Any CPU
		{E8F33CE6-4C15-400D-B481-1630BEEE7579}.Release|x86.Build.0 = Release|Any CPU
	EndGlobalSection
	GlobalSection(SolutionProperties) = preSolution
		HideSolutionNode = FALSE
	EndGlobalSection
EndGlobal
